
Microsoft Visual Studio Solution File, Format Version 12.00
# Visual Studio 15
VisualStudioVersion = 15.0.27428.2043
MinimumVisualStudioVersion = 10.0.40219.1
Project("{FAE04EC0-301F-11D3-BF4B-00C04F79EFBC}") = "MaiHienShop.Common", "MaiHienShop.Common\MaiHienShop.Common.csproj", "{3862DD08-009B-43A4-9427-7DA3A391FBA8}"
EndProject
Project("{FAE04EC0-301F-11D3-BF4B-00C04F79EFBC}") = "MaiHienShop.Data", "MaiHienShop.Data\MaiHienShop.Data.csproj", "{4CFAC9D3-F423-49FF-91A9-C93BAA4F2504}"
EndProject
Project("{FAE04EC0-301F-11D3-BF4B-00C04F79EFBC}") = "MaiHienShop.Model", "MaiHienShop.Model\MaiHienShop.Model.csproj", "{8B49A0BB-01C8-4BC9-AC58-136FA05172A2}"
EndProject
Project("{FAE04EC0-301F-11D3-BF4B-00C04F79EFBC}") = "MaiHienShop.Service", "MaiHienShop.Service\MaiHienShop.Service.csproj", "{3FB94FDE-AEF5-4055-8B0F-434D6357A393}"
EndProject
Project("{FAE04EC0-301F-11D3-BF4B-00C04F79EFBC}") = "MaiHienShop.UnitTest", "MaiHienShop.UnitTest\MaiHienShop.UnitTest.csproj", "{A41D4FC7-1472-4908-9E90-C82AD51B0C70}"
EndProject
Project("{FAE04EC0-301F-11D3-BF4B-00C04F79EFBC}") = "MaiHienShop.Web", "MaiHienShop.Web\MaiHienShop.Web.csproj", "{41259046-6B60-4E6F-A194-28EEBDC4CED3}"
EndProject
Global
	GlobalSection(SolutionConfigurationPlatforms) = preSolution
		Debug|Any CPU = Debug|Any CPU
		Release|Any CPU = Release|Any CPU
	EndGlobalSection
	GlobalSection(ProjectConfigurationPlatforms) = postSolution
		{3862DD08-009B-43A4-9427-7DA3A391FBA8}.Debug|Any CPU.ActiveCfg = Debug|Any CPU
		{3862DD08-009B-43A4-9427-7DA3A391FBA8}.Debug|Any CPU.Build.0 = Debug|Any CPU
		{3862DD08-009B-43A4-9427-7DA3A391FBA8}.Release|Any CPU.ActiveCfg = Release|Any CPU
		{3862DD08-009B-43A4-9427-7DA3A391FBA8}.Release|Any CPU.Build.0 = Release|Any CPU
		{4CFAC9D3-F423-49FF-91A9-C93BAA4F2504}.Debug|Any CPU.ActiveCfg = Debug|Any CPU
		{4CFAC9D3-F423-49FF-91A9-C93BAA4F2504}.Debug|Any CPU.Build.0 = Debug|Any CPU
		{4CFAC9D3-F423-49FF-91A9-C93BAA4F2504}.Release|Any CPU.ActiveCfg = Release|Any CPU
		{4CFAC9D3-F423-49FF-91A9-C93BAA4F2504}.Release|Any CPU.Build.0 = Release|Any CPU
		{8B49A0BB-01C8-4BC9-AC58-136FA05172A2}.Debug|Any CPU.ActiveCfg = Debug|Any CPU
		{8B49A0BB-01C8-4BC9-AC58-136FA05172A2}.Debug|Any CPU.Build.0 = Debug|Any CPU
		{8B49A0BB-01C8-4BC9-AC58-136FA05172A2}.Release|Any CPU.ActiveCfg = Release|Any CPU
		{8B49A0BB-01C8-4BC9-AC58-136FA05172A2}.Release|Any CPU.Build.0 = Release|Any CPU
		{3FB94FDE-AEF5-4055-8B0F-434D6357A393}.Debug|Any CPU.ActiveCfg = Debug|Any CPU
		{3FB94FDE-AEF5-4055-8B0F-434D6357A393}.Debug|Any CPU.Build.0 = Debug|Any CPU
		{3FB94FDE-AEF5-4055-8B0F-434D6357A393}.Release|Any CPU.ActiveCfg = Release|Any CPU
		{3FB94FDE-AEF5-4055-8B0F-434D6357A393}.Release|Any CPU.Build.0 = Release|Any CPU
		{A41D4FC7-1472-4908-9E90-C82AD51B0C70}.Debug|Any CPU.ActiveCfg = Debug|Any CPU
		{A41D4FC7-1472-4908-9E90-C82AD51B0C70}.Debug|Any CPU.Build.0 = Debug|Any CPU
		{A41D4FC7-1472-4908-9E90-C82AD51B0C70}.Release|Any CPU.ActiveCfg = Release|Any CPU
		{A41D4FC7-1472-4908-9E90-C82AD51B0C70}.Release|Any CPU.Build.0 = Release|Any CPU
		{41259046-6B60-4E6F-A194-28EEBDC4CED3}.Debug|Any CPU.ActiveCfg = Debug|Any CPU
		{41259046-6B60-4E6F-A194-28EEBDC4CED3}.Debug|Any CPU.Build.0 = Debug|Any CPU
		{41259046-6B60-4E6F-A194-28EEBDC4CED3}.Release|Any CPU.ActiveCfg = Release|Any CPU
		{41259046-6B60-4E6F-A194-28EEBDC4CED3}.Release|Any CPU.Build.0 = Release|Any CPU
	EndGlobalSection
	GlobalSection(SolutionProperties) = preSolution
		HideSolutionNode = FALSE
	EndGlobalSection
	GlobalSection(ExtensibilityGlobals) = postSolution
		SolutionGuid = {08C9F64A-4E2C-48EB-876A-8056EA46C2AF}
	EndGlobalSection
EndGlobal
